
Microsoft Visual Studio Solution File, Format Version 12.00
# Visual Studio 15
VisualStudioVersion = 15.0.28307.705
MinimumVisualStudioVersion = 10.0.40219.1
Project("{FAE04EC0-301F-11D3-BF4B-00C04F79EFBC}") = "clase2", "clase2\clase2.csproj", "{96F1EA6E-A93C-4016-A791-BEA5790B7198}"
EndProject
Global
	GlobalSection(SolutionConfigurationPlatforms) = preSolution
		Debug|Any CPU = Debug|Any CPU
		Release|Any CPU = Release|Any CPU
	EndGlobalSection
	GlobalSection(ProjectConfigurationPlatforms) = postSolution
		{96F1EA6E-A93C-4016-A791-BEA5790B7198}.Debug|Any CPU.ActiveCfg = Debug|Any CPU
		{96F1EA6E-A93C-4016-A791-BEA5790B7198}.Debug|Any CPU.Build.0 = Debug|Any CPU
		{96F1EA6E-A93C-4016-A791-BEA5790B7198}.Release|Any CPU.ActiveCfg = Release|Any CPU
		{96F1EA6E-A93C-4016-A791-BEA5790B7198}.Release|Any CPU.Build.0 = Release|Any CPU
	EndGlobalSection
	GlobalSection(SolutionProperties) = preSolution
		HideSolutionNode = FALSE
	EndGlobalSection
	GlobalSection(ExtensibilityGlobals) = postSolution
		SolutionGuid = {E794F936-BB14-47F5-BF83-9842DC741EF9}
	EndGlobalSection
EndGlobal
